
Microsoft Visual Studio Solution File, Format Version 12.00
# Visual Studio Version 17
VisualStudioVersion = 17.5.002.0
MinimumVisualStudioVersion = 10.0.40219.1
Project("{9A19103F-16F7-4668-BE54-9A1E7A4F7556}") = "MVC", "MVC.csproj", "{94C3A7F7-C9B9-4E6C-BD0F-A722793070BE}"
EndProject
Global
	GlobalSection(SolutionConfigurationPlatforms) = preSolution
		Debug|Any CPU = Debug|Any CPU
		Release|Any CPU = Release|Any CPU
	EndGlobalSection
	GlobalSection(ProjectConfigurationPlatforms) = postSolution
		{94C3A7F7-C9B9-4E6C-BD0F-A722793070BE}.Debug|Any CPU.ActiveCfg = Debug|Any CPU
		{94C3A7F7-C9B9-4E6C-BD0F-A722793070BE}.Debug|Any CPU.Build.0 = Debug|Any CPU
		{94C3A7F7-C9B9-4E6C-BD0F-A722793070BE}.Release|Any CPU.ActiveCfg = Release|Any CPU
		{94C3A7F7-C9B9-4E6C-BD0F-A722793070BE}.Release|Any CPU.Build.0 = Release|Any CPU
	EndGlobalSection
	GlobalSection(SolutionProperties) = preSolution
		HideSolutionNode = FALSE
	EndGlobalSection
	GlobalSection(ExtensibilityGlobals) = postSolution
		SolutionGuid = {105920AD-5668-4A6E-A733-BB529C601D98}
	EndGlobalSection
EndGlobal
